
Microsoft Visual Studio Solution File, Format Version 12.00
# Visual Studio Version 17
VisualStudioVersion = 17.10.34928.147
MinimumVisualStudioVersion = 10.0.40219.1
Project("{FAE04EC0-301F-11D3-BF4B-00C04F79EFBC}") = "WpfApp1", "WpfApp1\WpfApp1.csproj", "{800AB5A5-7D6F-4284-8A1D-D42FB28A9873}"
EndProject
Global
	GlobalSection(SolutionConfigurationPlatforms) = preSolution
		Debug|Any CPU = Debug|Any CPU
		Release|Any CPU = Release|Any CPU
	EndGlobalSection
	GlobalSection(ProjectConfigurationPlatforms) = postSolution
		{800AB5A5-7D6F-4284-8A1D-D42FB28A9873}.Debug|Any CPU.ActiveCfg = Debug|Any CPU
		{800AB5A5-7D6F-4284-8A1D-D42FB28A9873}.Debug|Any CPU.Build.0 = Debug|Any CPU
		{800AB5A5-7D6F-4284-8A1D-D42FB28A9873}.Release|Any CPU.ActiveCfg = Release|Any CPU
		{800AB5A5-7D6F-4284-8A1D-D42FB28A9873}.Release|Any CPU.Build.0 = Release|Any CPU
	EndGlobalSection
	GlobalSection(SolutionProperties) = preSolution
		HideSolutionNode = FALSE
	EndGlobalSection
	GlobalSection(ExtensibilityGlobals) = postSolution
		SolutionGuid = {2BD9661F-B0E1-4EAB-870F-E32BD6EE749D}
	EndGlobalSection
EndGlobal
